// !$*UTF8*$!
{
	archiveVersion = 1;
	classes = {
	};
	objectVersion = 46;
	objects = {

/* Begin PBXBuildFile section */
		8B11D1671D6BD50900C170D4 /* ZXConversationCellFrameModel.swift in Sources */ = {isa = PBXBuildFile; fileRef = 8B11D1661D6BD50900C170D4 /* ZXConversationCellFrameModel.swift */; };
		8B293F2D1D5626F200FBDA3B /* ZXConversationToobar.swift in Sources */ = {isa = PBXBuildFile; fileRef = 8B293F2C1D5626F200FBDA3B /* ZXConversationToobar.swift */; };
		8B2A8D4D1D536DF500A998DB /* ZXConversationModel.swift in Sources */ = {isa = PBXBuildFile; fileRef = 8B2A8D4C1D536DF500A998DB /* ZXConversationModel.swift */; };
		8B2A8D4F1D53836000A998DB /* messages.plist in Resources */ = {isa = PBXBuildFile; fileRef = 8B2A8D4E1D53836000A998DB /* messages.plist */; };
		8B2A8D511D538E8300A998DB /* me.png in Resources */ = {isa = PBXBuildFile; fileRef = 8B2A8D501D538E8300A998DB /* me.png */; };
		8B79E6C91D52D07B00AFDECA /* SwiftHeader.swift in Sources */ = {isa = PBXBuildFile; fileRef = 8B79E6C81D52D07B00AFDECA /* SwiftHeader.swift */; };
		8B79E6CD1D52E60600AFDECA /* right.png in Resources */ = {isa = PBXBuildFile; fileRef = 8B79E6CB1D52E60600AFDECA /* right.png */; };
		8B79E6CF1D52EB7E00AFDECA /* ZXFriendCell.swift in Sources */ = {isa = PBXBuildFile; fileRef = 8B79E6CE1D52EB7E00AFDECA /* ZXFriendCell.swift */; };
		8B79E6D11D53268C00AFDECA /* other.png in Resources */ = {isa = PBXBuildFile; fileRef = 8B79E6D01D53268C00AFDECA /* other.png */; };
		8B79E6D31D53278E00AFDECA /* ZXConversationController.swift in Sources */ = {isa = PBXBuildFile; fileRef = 8B79E6D21D53278E00AFDECA /* ZXConversationController.swift */; };
		8B79E6D51D5342D300AFDECA /* ZXConversationCell.swift in Sources */ = {isa = PBXBuildFile; fileRef = 8B79E6D41D5342D300AFDECA /* ZXConversationCell.swift */; };
		8B8E64C01D51C03B00D07321 /* AppDelegate.swift in Sources */ = {isa = PBXBuildFile; fileRef = 8B8E64BF1D51C03B00D07321 /* AppDelegate.swift */; };
		8B8E64C71D51C03B00D07321 /* Assets.xcassets in Resources */ = {isa = PBXBuildFile; fileRef = 8B8E64C61D51C03B00D07321 /* Assets.xcassets */; };
		8B8E64CA1D51C03B00D07321 /* LaunchScreen.storyboard in Resources */ = {isa = PBXBuildFile; fileRef = 8B8E64C81D51C03B00D07321 /* LaunchScreen.storyboard */; };
		8B8E64D51D51C03B00D07321 /* QQChatTests.swift in Sources */ = {isa = PBXBuildFile; fileRef = 8B8E64D41D51C03B00D07321 /* QQChatTests.swift */; };
		8B8E64E01D51C03B00D07321 /* QQChatUITests.swift in Sources */ = {isa = PBXBuildFile; fileRef = 8B8E64DF1D51C03B00D07321 /* QQChatUITests.swift */; };
		8B8E64EE1D51C0A600D07321 /* ZXListViewController.swift in Sources */ = {isa = PBXBuildFile; fileRef = 8B8E64ED1D51C0A600D07321 /* ZXListViewController.swift */; };
		8B8E64F91D51C7ED00D07321 /* ZXSectionModel.swift in Sources */ = {isa = PBXBuildFile; fileRef = 8B8E64F81D51C7ED00D07321 /* ZXSectionModel.swift */; };
		8B8E64FB1D51C83200D07321 /* ZXFriendModel.swift in Sources */ = {isa = PBXBuildFile; fileRef = 8B8E64FA1D51C83200D07321 /* ZXFriendModel.swift */; };
		8B8E64FD1D51CA9700D07321 /* friends.plist in Resources */ = {isa = PBXBuildFile; fileRef = 8B8E64FC1D51CA9700D07321 /* friends.plist */; };
		8B8E64FF1D51D20600D07321 /* ZXSectionHeaderView.swift in Sources */ = {isa = PBXBuildFile; fileRef = 8B8E64FE1D51D20600D07321 /* ZXSectionHeaderView.swift */; };
		8BD3AFA61D6C436E001D3AC8 /* chat_timeline_bg.png in Resources */ = {isa = PBXBuildFile; fileRef = 8BD3AFA11D6C436E001D3AC8 /* chat_timeline_bg.png */; };
		8BD3AFA71D6C436E001D3AC8 /* chatfrom_bg_focused.png in Resources */ = {isa = PBXBuildFile; fileRef = 8BD3AFA21D6C436E001D3AC8 /* chatfrom_bg_focused.png */; };
		8BD3AFA81D6C436E001D3AC8 /* chat_recive_nor@2x.png in Resources */ = {isa = PBXBuildFile; fileRef = 8BD3AFA31D6C436E001D3AC8 /* chat_recive_nor@2x.png */; };
		8BD3AFA91D6C436E001D3AC8 /* chatto_bg_focused.png in Resources */ = {isa = PBXBuildFile; fileRef = 8BD3AFA41D6C436E001D3AC8 /* chatto_bg_focused.png */; };
		8BD3AFAA1D6C436E001D3AC8 /* chat_send_nor@2x.png in Resources */ = {isa = PBXBuildFile; fileRef = 8BD3AFA51D6C436E001D3AC8 /* chat_send_nor@2x.png */; };
/* End PBXBuildFile section */

/* Begin PBXContainerItemProxy section */
		8B8E64D11D51C03B00D07321 /* PBXContainerItemProxy */ = {
			isa = PBXContainerItemProxy;
			containerPortal = 8B8E64B41D51C03A00D07321 /* Project object */;
			proxyType = 1;
			remoteGlobalIDString = 8B8E64BB1D51C03A00D07321;
			remoteInfo = QQChat;
		};
		8B8E64DC1D51C03B00D07321 /* PBXContainerItemProxy */ = {
			isa = PBXContainerItemProxy;
			containerPortal = 8B8E64B41D51C03A00D07321 /* Project object */;
			proxyType = 1;
			remoteGlobalIDString = 8B8E64BB1D51C03A00D07321;
			remoteInfo = QQChat;
		};
/* End PBXContainerItemProxy section */

/* Begin PBXFileReference section */
		8B11D1661D6BD50900C170D4 /* ZXConversationCellFrameModel.swift */ = {isa = PBXFileReference; fileEncoding = 4; lastKnownFileType = sourcecode.swift; path = ZXConversationCellFrameModel.swift; sourceTree = "<group>"; };
		8B293F2C1D5626F200FBDA3B /* ZXConversationToobar.swift */ = {isa = PBXFileReference; fileEncoding = 4; lastKnownFileType = sourcecode.swift; path = ZXConversationToobar.swift; sourceTree = "<group>"; };
		8B2A8D4C1D536DF500A998DB /* ZXConversationModel.swift */ = {isa = PBXFileReference; fileEncoding = 4; lastKnownFileType = sourcecode.swift; path = ZXConversationModel.swift; sourceTree = "<group>"; };
		8B2A8D4E1D53836000A998DB /* messages.plist */ = {isa = PBXFileReference; fileEncoding = 4; lastKnownFileType = text.plist.xml; path = messages.plist; sourceTree = "<group>"; };
		8B2A8D501D538E8300A998DB /* me.png */ = {isa = PBXFileReference; lastKnownFileType = image.png; path = me.png; sourceTree = "<group>"; };
		8B79E6C81D52D07B00AFDECA /* SwiftHeader.swift */ = {isa = PBXFileReference; fileEncoding = 4; lastKnownFileType = sourcecode.swift; path = SwiftHeader.swift; sourceTree = "<group>"; };
		8B79E6CB1D52E60600AFDECA /* right.png */ = {isa = PBXFileReference; lastKnownFileType = image.png; path = right.png; sourceTree = "<group>"; };
		8B79E6CE1D52EB7E00AFDECA /* ZXFriendCell.swift */ = {isa = PBXFileReference; fileEncoding = 4; lastKnownFileType = sourcecode.swift; path = ZXFriendCell.swift; sourceTree = "<group>"; };
		8B79E6D01D53268C00AFDECA /* other.png */ = {isa = PBXFileReference; lastKnownFileType = image.png; path = other.png; sourceTree = "<group>"; };
		8B79E6D21D53278E00AFDECA /* ZXConversationController.swift */ = {isa = PBXFileReference; fileEncoding = 4; lastKnownFileType = sourcecode.swift; path = ZXConversationController.swift; sourceTree = "<group>"; };
		8B79E6D41D5342D300AFDECA /* ZXConversationCell.swift */ = {isa = PBXFileReference; fileEncoding = 4; lastKnownFileType = sourcecode.swift; path = ZXConversationCell.swift; sourceTree = "<group>"; };
		8B8E64BC1D51C03A00D07321 /* QQChat.app */ = {isa = PBXFileReference; explicitFileType = wrapper.application; includeInIndex = 0; path = QQChat.app; sourceTree = BUILT_PRODUCTS_DIR; };
		8B8E64BF1D51C03B00D07321 /* AppDelegate.swift */ = {isa = PBXFileReference; lastKnownFileType = sourcecode.swift; path = AppDelegate.swift; sourceTree = "<group>"; };
		8B8E64C61D51C03B00D07321 /* Assets.xcassets */ = {isa = PBXFileReference; lastKnownFileType = folder.assetcatalog; path = Assets.xcassets; sourceTree = "<group>"; };
		8B8E64C91D51C03B00D07321 /* Base */ = {isa = PBXFileReference; lastKnownFileType = file.storyboard; name = Base; path = Base.lproj/LaunchScreen.storyboard; sourceTree = "<group>"; };
		8B8E64CB1D51C03B00D07321 /* Info.plist */ = {isa = PBXFileReference; lastKnownFileType = text.plist.xml; path = Info.plist; sourceTree = "<group>"; };
		8B8E64D01D51C03B00D07321 /* QQChatTests.xctest */ = {isa = PBXFileReference; explicitFileType = wrapper.cfbundle; includeInIndex = 0; path = QQChatTests.xctest; sourceTree = BUILT_PRODUCTS_DIR; };
		8B8E64D41D51C03B00D07321 /* QQChatTests.swift */ = {isa = PBXFileReference; lastKnownFileType = sourcecode.swift; path = QQChatTests.swift; sourceTree = "<group>"; };
		8B8E64D61D51C03B00D07321 /* Info.plist */ = {isa = PBXFileReference; lastKnownFileType = text.plist.xml; path = Info.plist; sourceTree = "<group>"; };
		8B8E64DB1D51C03B00D07321 /* QQChatUITests.xctest */ = {isa = PBXFileReference; explicitFileType = wrapper.cfbundle; includeInIndex = 0; path = QQChatUITests.xctest; sourceTree = BUILT_PRODUCTS_DIR; };
		8B8E64DF1D51C03B00D07321 /* QQChatUITests.swift */ = {isa = PBXFileReference; lastKnownFileType = sourcecode.swift; path = QQChatUITests.swift; sourceTree = "<group>"; };
		8B8E64E11D51C03B00D07321 /* Info.plist */ = {isa = PBXFileReference; lastKnownFileType = text.plist.xml; path = Info.plist; sourceTree = "<group>"; };
		8B8E64ED1D51C0A600D07321 /* ZXListViewController.swift */ = {isa = PBXFileReference; fileEncoding = 4; lastKnownFileType = sourcecode.swift; name = ZXListViewController.swift; path = ../../../ZXListViewController.swift; sourceTree = "<group>"; };
		8B8E64F81D51C7ED00D07321 /* ZXSectionModel.swift */ = {isa = PBXFileReference; fileEncoding = 4; lastKnownFileType = sourcecode.swift; path = ZXSectionModel.swift; sourceTree = "<group>"; };
		8B8E64FA1D51C83200D07321 /* ZXFriendModel.swift */ = {isa = PBXFileReference; fileEncoding = 4; lastKnownFileType = sourcecode.swift; path = ZXFriendModel.swift; sourceTree = "<group>"; };
		8B8E64FC1D51CA9700D07321 /* friends.plist */ = {isa = PBXFileReference; fileEncoding = 4; lastKnownFileType = text.plist.xml; path = friends.plist; sourceTree = "<group>"; };
		8B8E64FE1D51D20600D07321 /* ZXSectionHeaderView.swift */ = {isa = PBXFileReference; fileEncoding = 4; lastKnownFileType = sourcecode.swift; path = ZXSectionHeaderView.swift; sourceTree = "<group>"; };
		8BD3AFA11D6C436E001D3AC8 /* chat_timeline_bg.png */ = {isa = PBXFileReference; lastKnownFileType = image.png; path = chat_timeline_bg.png; sourceTree = "<group>"; };
		8BD3AFA21D6C436E001D3AC8 /* chatfrom_bg_focused.png */ = {isa = PBXFileReference; lastKnownFileType = image.png; path = chatfrom_bg_focused.png; sourceTree = "<group>"; };
		8BD3AFA31D6C436E001D3AC8 /* chat_recive_nor@2x.png */ = {isa = PBXFileReference; lastKnownFileType = image.png; path = "chat_recive_nor@2x.png"; sourceTree = "<group>"; };
		8BD3AFA41D6C436E001D3AC8 /* chatto_bg_focused.png */ = {isa = PBXFileReference; lastKnownFileType = image.png; path = chatto_bg_focused.png; sourceTree = "<group>"; };
		8BD3AFA51D6C436E001D3AC8 /* chat_send_nor@2x.png */ = {isa = PBXFileReference; lastKnownFileType = image.png; path = "chat_send_nor@2x.png"; sourceTree = "<group>"; };
/* End PBXFileReference section */

/* Begin PBXFrameworksBuildPhase section */
		8B8E64B91D51C03A00D07321 /* Frameworks */ = {
			isa = PBXFrameworksBuildPhase;
			buildActionMask = 2147483647;
			files = (
			);
			runOnlyForDeploymentPostprocessing = 0;
		};
		8B8E64CD1D51C03B00D07321 /* Frameworks */ = {
			isa = PBXFrameworksBuildPhase;
			buildActionMask = 2147483647;
			files = (
			);
			runOnlyForDeploymentPostprocessing = 0;
		};
		8B8E64D81D51C03B00D07321 /* Frameworks */ = {
			isa = PBXFrameworksBuildPhase;
			buildActionMask = 2147483647;
			files = (
			);
			runOnlyForDeploymentPostprocessing = 0;
		};
/* End PBXFrameworksBuildPhase section */

/* Begin PBXGroup section */
		8B8E64B31D51C03A00D07321 = {
			isa = PBXGroup;
			children = (
				8B8E64BE1D51C03B00D07321 /* QQChat */,
				8B8E64D31D51C03B00D07321 /* QQChatTests */,
				8B8E64DE1D51C03B00D07321 /* QQChatUITests */,
				8B8E64BD1D51C03A00D07321 /* Products */,
			);
			sourceTree = "<group>";
		};
		8B8E64BD1D51C03A00D07321 /* Products */ = {
			isa = PBXGroup;
			children = (
				8B8E64BC1D51C03A00D07321 /* QQChat.app */,
				8B8E64D01D51C03B00D07321 /* QQChatTests.xctest */,
				8B8E64DB1D51C03B00D07321 /* QQChatUITests.xctest */,
			);
			name = Products;
			sourceTree = "<group>";
		};
		8B8E64BE1D51C03B00D07321 /* QQChat */ = {
			isa = PBXGroup;
			children = (
				8B8E64BF1D51C03B00D07321 /* AppDelegate.swift */,
				8B79E6C81D52D07B00AFDECA /* SwiftHeader.swift */,
				8B8E64EF1D51C7C100D07321 /* Classes */,
				8B8E64C61D51C03B00D07321 /* Assets.xcassets */,
				8B8E64FC1D51CA9700D07321 /* friends.plist */,
				8B2A8D4E1D53836000A998DB /* messages.plist */,
				8B79E6CB1D52E60600AFDECA /* right.png */,
				8B79E6D01D53268C00AFDECA /* other.png */,
				8B2A8D501D538E8300A998DB /* me.png */,
				8BD3AFA11D6C436E001D3AC8 /* chat_timeline_bg.png */,
				8BD3AFA21D6C436E001D3AC8 /* chatfrom_bg_focused.png */,
				8BD3AFA31D6C436E001D3AC8 /* chat_recive_nor@2x.png */,
				8BD3AFA41D6C436E001D3AC8 /* chatto_bg_focused.png */,
				8BD3AFA51D6C436E001D3AC8 /* chat_send_nor@2x.png */,
				8B8E64C81D51C03B00D07321 /* LaunchScreen.storyboard */,
				8B8E64CB1D51C03B00D07321 /* Info.plist */,
			);
			path = QQChat;
			sourceTree = "<group>";
		};
		8B8E64D31D51C03B00D07321 /* QQChatTests */ = {
			isa = PBXGroup;
			children = (
				8B8E64D41D51C03B00D07321 /* QQChatTests.swift */,
				8B8E64D61D51C03B00D07321 /* Info.plist */,
			);
			path = QQChatTests;
			sourceTree = "<group>";
		};
		8B8E64DE1D51C03B00D07321 /* QQChatUITests */ = {
			isa = PBXGroup;
			children = (
				8B8E64DF1D51C03B00D07321 /* QQChatUITests.swift */,
				8B8E64E11D51C03B00D07321 /* Info.plist */,
			);
			path = QQChatUITests;
			sourceTree = "<group>";
		};
		8B8E64EF1D51C7C100D07321 /* Classes */ = {
			isa = PBXGroup;
			children = (
				8B8E64F01D51C7C100D07321 /* ChatConversation */,
				8B8E64F41D51C7C100D07321 /* ChatList */,
			);
			path = Classes;
			sourceTree = "<group>";
		};
		8B8E64F01D51C7C100D07321 /* ChatConversation */ = {
			isa = PBXGroup;
			children = (
				8B8E64F11D51C7C100D07321 /* Controller */,
				8B8E64F21D51C7C100D07321 /* Model */,
				8B8E64F31D51C7C100D07321 /* View */,
			);
			path = ChatConversation;
			sourceTree = "<group>";
		};
		8B8E64F11D51C7C100D07321 /* Controller */ = {
			isa = PBXGroup;
			children = (
				8B79E6D21D53278E00AFDECA /* ZXConversationController.swift */,
			);
			path = Controller;
			sourceTree = "<group>";
		};
		8B8E64F21D51C7C100D07321 /* Model */ = {
			isa = PBXGroup;
			children = (
				8B2A8D4C1D536DF500A998DB /* ZXConversationModel.swift */,
				8B11D1661D6BD50900C170D4 /* ZXConversationCellFrameModel.swift */,
			);
			path = Model;
			sourceTree = "<group>";
		};
		8B8E64F31D51C7C100D07321 /* View */ = {
			isa = PBXGroup;
			children = (
				8B79E6D41D5342D300AFDECA /* ZXConversationCell.swift */,
				8B293F2C1D5626F200FBDA3B /* ZXConversationToobar.swift */,
			);
			path = View;
			sourceTree = "<group>";
		};
		8B8E64F41D51C7C100D07321 /* ChatList */ = {
			isa = PBXGroup;
			children = (
				8B8E64F51D51C7C100D07321 /* Controller */,
				8B8E64F61D51C7C100D07321 /* Model */,
				8B8E64F71D51C7C100D07321 /* View */,
			);
			path = ChatList;
			sourceTree = "<group>";
		};
		8B8E64F51D51C7C100D07321 /* Controller */ = {
			isa = PBXGroup;
			children = (
				8B8E64ED1D51C0A600D07321 /* ZXListViewController.swift */,
			);
			path = Controller;
			sourceTree = "<group>";
		};
		8B8E64F61D51C7C100D07321 /* Model */ = {
			isa = PBXGroup;
			children = (
				8B8E64F81D51C7ED00D07321 /* ZXSectionModel.swift */,
				8B8E64FA1D51C83200D07321 /* ZXFriendModel.swift */,
			);
			path = Model;
			sourceTree = "<group>";
		};
		8B8E64F71D51C7C100D07321 /* View */ = {
			isa = PBXGroup;
			children = (
				8B8E64FE1D51D20600D07321 /* ZXSectionHeaderView.swift */,
				8B79E6CE1D52EB7E00AFDECA /* ZXFriendCell.swift */,
			);
			path = View;
			sourceTree = "<group>";
		};
/* End PBXGroup section */

/* Begin PBXNativeTarget section */
		8B8E64BB1D51C03A00D07321 /* QQChat */ = {
			isa = PBXNativeTarget;
			buildConfigurationList = 8B8E64E41D51C03B00D07321 /* Build configuration list for PBXNativeTarget "QQChat" */;
			buildPhases = (
				8B8E64B81D51C03A00D07321 /* Sources */,
				8B8E64B91D51C03A00D07321 /* Frameworks */,
				8B8E64BA1D51C03A00D07321 /* Resources */,
			);
			buildRules = (
			);
			dependencies = (
			);
			name = QQChat;
			productName = QQChat;
			productReference = 8B8E64BC1D51C03A00D07321 /* QQChat.app */;
			productType = "com.apple.product-type.application";
		};
		8B8E64CF1D51C03B00D07321 /* QQChatTests */ = {
			isa = PBXNativeTarget;
			buildConfigurationList = 8B8E64E71D51C03B00D07321 /* Build configuration list for PBXNativeTarget "QQChatTests" */;
			buildPhases = (
				8B8E64CC1D51C03B00D07321 /* Sources */,
				8B8E64CD1D51C03B00D07321 /* Frameworks */,
				8B8E64CE1D51C03B00D07321 /* Resources */,
			);
			buildRules = (
			);
			dependencies = (
				8B8E64D21D51C03B00D07321 /* PBXTargetDependency */,
			);
			name = QQChatTests;
			productName = QQChatTests;
			productReference = 8B8E64D01D51C03B00D07321 /* QQChatTests.xctest */;
			productType = "com.apple.product-type.bundle.unit-test";
		};
		8B8E64DA1D51C03B00D07321 /* QQChatUITests */ = {
			isa = PBXNativeTarget;
			buildConfigurationList = 8B8E64EA1D51C03B00D07321 /* Build configuration list for PBXNativeTarget "QQChatUITests" */;
			buildPhases = (
				8B8E64D71D51C03B00D07321 /* Sources */,
				8B8E64D81D51C03B00D07321 /* Frameworks */,
				8B8E64D91D51C03B00D07321 /* Resources */,
			);
			buildRules = (
			);
			dependencies = (
				8B8E64DD1D51C03B00D07321 /* PBXTargetDependency */,
			);
			name = QQChatUITests;
			productName = QQChatUITests;
			productReference = 8B8E64DB1D51C03B00D07321 /* QQChatUITests.xctest */;
			productType = "com.apple.product-type.bundle.ui-testing";
		};
/* End PBXNativeTarget section */

/* Begin PBXProject section */
		8B8E64B41D51C03A00D07321 /* Project object */ = {
			isa = PBXProject;
			attributes = {
				LastSwiftUpdateCheck = 0730;
				LastUpgradeCheck = 0730;
				ORGANIZATIONNAME = zhangxu;
				TargetAttributes = {
					8B8E64BB1D51C03A00D07321 = {
						CreatedOnToolsVersion = 7.3.1;
					};
					8B8E64CF1D51C03B00D07321 = {
						CreatedOnToolsVersion = 7.3.1;
						TestTargetID = 8B8E64BB1D51C03A00D07321;
					};
					8B8E64DA1D51C03B00D07321 = {
						CreatedOnToolsVersion = 7.3.1;
						TestTargetID = 8B8E64BB1D51C03A00D07321;
					};
				};
			};
			buildConfigurationList = 8B8E64B71D51C03A00D07321 /* Build configuration list for PBXProject "QQChat" */;
			compatibilityVersion = "Xcode 3.2";
			developmentRegion = English;
			hasScannedForEncodings = 0;
			knownRegions = (
				en,
				Base,
			);
			mainGroup = 8B8E64B31D51C03A00D07321;
			productRefGroup = 8B8E64BD1D51C03A00D07321 /* Products */;
			projectDirPath = "";
			projectRoot = "";
			targets = (
				8B8E64BB1D51C03A00D07321 /* QQChat */,
				8B8E64CF1D51C03B00D07321 /* QQChatTests */,
				8B8E64DA1D51C03B00D07321 /* QQChatUITests */,
			);
		};
/* End PBXProject section */

/* Begin PBXResourcesBuildPhase section */
		8B8E64BA1D51C03A00D07321 /* Resources */ = {
			isa = PBXResourcesBuildPhase;
			buildActionMask = 2147483647;
			files = (
				8B79E6CD1D52E60600AFDECA /* right.png in Resources */,
				8B8E64CA1D51C03B00D07321 /* LaunchScreen.storyboard in Resources */,
				8BD3AFA71D6C436E001D3AC8 /* chatfrom_bg_focused.png in Resources */,
				8B2A8D4F1D53836000A998DB /* messages.plist in Resources */,
				8BD3AFA61D6C436E001D3AC8 /* chat_timeline_bg.png in Resources */,
				8BD3AFA81D6C436E001D3AC8 /* chat_recive_nor@2x.png in Resources */,
				8BD3AFAA1D6C436E001D3AC8 /* chat_send_nor@2x.png in Resources */,
				8B8E64C71D51C03B00D07321 /* Assets.xcassets in Resources */,
				8BD3AFA91D6C436E001D3AC8 /* chatto_bg_focused.png in Resources */,
				8B8E64FD1D51CA9700D07321 /* friends.plist in Resources */,
				8B79E6D11D53268C00AFDECA /* other.png in Resources */,
				8B2A8D511D538E8300A998DB /* me.png in Resources */,
			);
			runOnlyForDeploymentPostprocessing = 0;
		};
		8B8E64CE1D51C03B00D07321 /* Resources */ = {
			isa = PBXResourcesBuildPhase;
			buildActionMask = 2147483647;
			files = (
			);
			runOnlyForDeploymentPostprocessing = 0;
		};
		8B8E64D91D51C03B00D07321 /* Resources */ = {
			isa = PBXResourcesBuildPhase;
			buildActionMask = 2147483647;
			files = (
			);
			runOnlyForDeploymentPostprocessing = 0;
		};
/* End PBXResourcesBuildPhase section */

/* Begin PBXSourcesBuildPhase section */
		8B8E64B81D51C03A00D07321 /* Sources */ = {
			isa = PBXSourcesBuildPhase;
			buildActionMask = 2147483647;
			files = (
				8B79E6D51D5342D300AFDECA /* ZXConversationCell.swift in Sources */,
				8B79E6C91D52D07B00AFDECA /* SwiftHeader.swift in Sources */,
				8B8E64F91D51C7ED00D07321 /* ZXSectionModel.swift in Sources */,
				8B79E6D31D53278E00AFDECA /* ZXConversationController.swift in Sources */,
				8B2A8D4D1D536DF500A998DB /* ZXConversationModel.swift in Sources */,
				8B8E64FF1D51D20600D07321 /* ZXSectionHeaderView.swift in Sources */,
				8B79E6CF1D52EB7E00AFDECA /* ZXFriendCell.swift in Sources */,
				8B8E64FB1D51C83200D07321 /* ZXFriendModel.swift in Sources */,
				8B8E64EE1D51C0A600D07321 /* ZXListViewController.swift in Sources */,
				8B8E64C01D51C03B00D07321 /* AppDelegate.swift in Sources */,
				8B11D1671D6BD50900C170D4 /* ZXConversationCellFrameModel.swift in Sources */,
				8B293F2D1D5626F200FBDA3B /* ZXConversationToobar.swift in Sources */,
			);
			runOnlyForDeploymentPostprocessing = 0;
		};
		8B8E64CC1D51C03B00D07321 /* Sources */ = {
			isa = PBXSourcesBuildPhase;
			buildActionMask = 2147483647;
			files = (
				8B8E64D51D51C03B00D07321 /* QQChatTests.swift in Sources */,
			);
			runOnlyForDeploymentPostprocessing = 0;
		};
		8B8E64D71D51C03B00D07321 /* Sources */ = {
			isa = PBXSourcesBuildPhase;
			buildActionMask = 2147483647;
			files = (
				8B8E64E01D51C03B00D07321 /* QQChatUITests.swift in Sources */,
			);
			runOnlyForDeploymentPostprocessing = 0;
		};
/* End PBXSourcesBuildPhase section */

/* Begin PBXTargetDependency section */
		8B8E64D21D51C03B00D07321 /* PBXTargetDependency */ = {
			isa = PBXTargetDependency;
			target = 8B8E64BB1D51C03A00D07321 /* QQChat */;
			targetProxy = 8B8E64D11D51C03B00D07321 /* PBXContainerItemProxy */;
		};
		8B8E64DD1D51C03B00D07321 /* PBXTargetDependency */ = {
			isa = PBXTargetDependency;
			target = 8B8E64BB1D51C03A00D07321 /* QQChat */;
			targetProxy = 8B8E64DC1D51C03B00D07321 /* PBXContainerItemProxy */;
		};
/* End PBXTargetDependency section */

/* Begin PBXVariantGroup section */
		8B8E64C81D51C03B00D07321 /* LaunchScreen.storyboard */ = {
			isa = PBXVariantGroup;
			children = (
				8B8E64C91D51C03B00D07321 /* Base */,
			);
			name = LaunchScreen.storyboard;
			sourceTree = "<group>";
		};
/* End PBXVariantGroup section */

/* Begin XCBuildConfiguration section */
		8B8E64E21D51C03B00D07321 /* Debug */ = {
			isa = XCBuildConfiguration;
			buildSettings = {
				ALWAYS_SEARCH_USER_PATHS = NO;
				CLANG_ANALYZER_NONNULL = YES;
				CLANG_CXX_LANGUAGE_STANDARD = "gnu++0x";
				CLANG_CXX_LIBRARY = "libc++";
				CLANG_ENABLE_MODULES = YES;
				CLANG_ENABLE_OBJC_ARC = YES;
				CLANG_WARN_BOOL_CONVERSION = YES;
				CLANG_WARN_CONSTANT_CONVERSION = YES;
				CLANG_WARN_DIRECT_OBJC_ISA_USAGE = YES_ERROR;
				CLANG_WARN_EMPTY_BODY = YES;
				CLANG_WARN_ENUM_CONVERSION = YES;
				CLANG_WARN_INT_CONVERSION = YES;
				CLANG_WARN_OBJC_ROOT_CLASS = YES_ERROR;
				CLANG_WARN_UNREACHABLE_CODE = YES;
				CLANG_WARN__DUPLICATE_METHOD_MATCH = YES;
				"CODE_SIGN_IDENTITY[sdk=iphoneos*]" = "iPhone Developer";
				COPY_PHASE_STRIP = NO;
				DEBUG_INFORMATION_FORMAT = dwarf;
				ENABLE_STRICT_OBJC_MSGSEND = YES;
				ENABLE_TESTABILITY = YES;
				GCC_C_LANGUAGE_STANDARD = gnu99;
				GCC_DYNAMIC_NO_PIC = NO;
				GCC_NO_COMMON_BLOCKS = YES;
				GCC_OPTIMIZATION_LEVEL = 0;
				GCC_PREPROCESSOR_DEFINITIONS = (
					"DEBUG=1",
					"$(inherited)",
				);
				GCC_WARN_64_TO_32_BIT_CONVERSION = YES;
				GCC_WARN_ABOUT_RETURN_TYPE = YES_ERROR;
				GCC_WARN_UNDECLARED_SELECTOR = YES;
				GCC_WARN_UNINITIALIZED_AUTOS = YES_AGGRESSIVE;
				GCC_WARN_UNUSED_FUNCTION = YES;
				GCC_WARN_UNUSED_VARIABLE = YES;
				IPHONEOS_DEPLOYMENT_TARGET = 9.3;
				MTL_ENABLE_DEBUG_INFO = YES;
				ONLY_ACTIVE_ARCH = YES;
				SDKROOT = iphoneos;
				SWIFT_OPTIMIZATION_LEVEL = "-Onone";
			};
			name = Debug;
		};
		8B8E64E31D51C03B00D07321 /* Release */ = {
			isa = XCBuildConfiguration;
			buildSettings = {
				ALWAYS_SEARCH_USER_PATHS = NO;
				CLANG_ANALYZER_NONNULL = YES;
				CLANG_CXX_LANGUAGE_STANDARD = "gnu++0x";
				CLANG_CXX_LIBRARY = "libc++";
				CLANG_ENABLE_MODULES = YES;
				CLANG_ENABLE_OBJC_ARC = YES;
				CLANG_WARN_BOOL_CONVERSION = YES;
				CLANG_WARN_CONSTANT_CONVERSION = YES;
				CLANG_WARN_DIRECT_OBJC_ISA_USAGE = YES_ERROR;
				CLANG_WARN_EMPTY_BODY = YES;
				CLANG_WARN_ENUM_CONVERSION = YES;
				CLANG_WARN_INT_CONVERSION = YES;
				CLANG_WARN_OBJC_ROOT_CLASS = YES_ERROR;
				CLANG_WARN_UNREACHABLE_CODE = YES;
				CLANG_WARN__DUPLICATE_METHOD_MATCH = YES;
				"CODE_SIGN_IDENTITY[sdk=iphoneos*]" = "iPhone Developer";
				COPY_PHASE_STRIP = NO;
				DEBUG_INFORMATION_FORMAT = "dwarf-with-dsym";
				ENABLE_NS_ASSERTIONS = NO;
				ENABLE_STRICT_OBJC_MSGSEND = YES;
				GCC_C_LANGUAGE_STANDARD = gnu99;
				GCC_NO_COMMON_BLOCKS = YES;
				GCC_WARN_64_TO_32_BIT_CONVERSION = YES;
				GCC_WARN_ABOUT_RETURN_TYPE = YES_ERROR;
				GCC_WARN_UNDECLARED_SELECTOR = YES;
				GCC_WARN_UNINITIALIZED_AUTOS = YES_AGGRESSIVE;
				GCC_WARN_UNUSED_FUNCTION = YES;
				GCC_WARN_UNUSED_VARIABLE = YES;
				IPHONEOS_DEPLOYMENT_TARGET = 9.3;
				MTL_ENABLE_DEBUG_INFO = NO;
				SDKROOT = iphoneos;
				VALIDATE_PRODUCT = YES;
			};
			name = Release;
		};
		8B8E64E51D51C03B00D07321 /* Debug */ = {
			isa = XCBuildConfiguration;
			buildSettings = {
				ASSETCATALOG_COMPILER_APPICON_NAME = AppIcon;
				INFOPLIST_FILE = QQChat/Info.plist;
				IPHONEOS_DEPLOYMENT_TARGET = 8.0;
				LD_RUNPATH_SEARCH_PATHS = "$(inherited) @executable_path/Frameworks";
				PRODUCT_BUNDLE_IDENTIFIER = com.zhangxu.QQChat;
				PRODUCT_NAME = "$(TARGET_NAME)";
			};
			name = Debug;
		};
		8B8E64E61D51C03B00D07321 /* Release */ = {
			isa = XCBuildConfiguration;
			buildSettings = {
				ASSETCATALOG_COMPILER_APPICON_NAME = AppIcon;
				INFOPLIST_FILE = QQChat/Info.plist;
				IPHONEOS_DEPLOYMENT_TARGET = 8.0;
				LD_RUNPATH_SEARCH_PATHS = "$(inherited) @executable_path/Frameworks";
				PRODUCT_BUNDLE_IDENTIFIER = com.zhangxu.QQChat;
				PRODUCT_NAME = "$(TARGET_NAME)";
			};
			name = Release;
		};
		8B8E64E81D51C03B00D07321 /* Debug */ = {
			isa = XCBuildConfiguration;
			buildSettings = {
				BUNDLE_LOADER = "$(TEST_HOST)";
				INFOPLIST_FILE = QQChatTests/Info.plist;
				LD_RUNPATH_SEARCH_PATHS = "$(inherited) @executable_path/Frameworks @loader_path/Frameworks";
				PRODUCT_BUNDLE_IDENTIFIER = com.zhangxu.QQChatTests;
				PRODUCT_NAME = "$(TARGET_NAME)";
				TEST_HOST = "$(BUILT_PRODUCTS_DIR)/QQChat.app/QQChat";
			};
			name = Debug;
		};
		8B8E64E91D51C03B00D07321 /* Release */ = {
			isa = XCBuildConfiguration;
			buildSettings = {
				BUNDLE_LOADER = "$(TEST_HOST)";
				INFOPLIST_FILE = QQChatTests/Info.plist;
				LD_RUNPATH_SEARCH_PATHS = "$(inherited) @executable_path/Frameworks @loader_path/Frameworks";
				PRODUCT_BUNDLE_IDENTIFIER = com.zhangxu.QQChatTests;
				PRODUCT_NAME = "$(TARGET_NAME)";
				TEST_HOST = "$(BUILT_PRODUCTS_DIR)/QQChat.app/QQChat";
			};
			name = Release;
		};
		8B8E64EB1D51C03B00D07321 /* Debug */ = {
			isa = XCBuildConfiguration;
			buildSettings = {
				INFOPLIST_FILE = QQChatUITests/Info.plist;
				LD_RUNPATH_SEARCH_PATHS = "$(inherited) @executable_path/Frameworks @loader_path/Frameworks";
				PRODUCT_BUNDLE_IDENTIFIER = com.zhangxu.QQChatUITests;
				PRODUCT_NAME = "$(TARGET_NAME)";
				TEST_TARGET_NAME = QQChat;
			};
			name = Debug;
		};
		8B8E64EC1D51C03B00D07321 /* Release */ = {
			isa = XCBuildConfiguration;
			buildSettings = {
				INFOPLIST_FILE = QQChatUITests/Info.plist;
				LD_RUNPATH_SEARCH_PATHS = "$(inherited) @executable_path/Frameworks @loader_path/Frameworks";
				PRODUCT_BUNDLE_IDENTIFIER = com.zhangxu.QQChatUITests;
				PRODUCT_NAME = "$(TARGET_NAME)";
				TEST_TARGET_NAME = QQChat;
			};
			name = Release;
		};
/* End XCBuildConfiguration section */

/* Begin XCConfigurationList section */
		8B8E64B71D51C03A00D07321 /* Build configuration list for PBXProject "QQChat" */ = {
			isa = XCConfigurationList;
			buildConfigurations = (
				8B8E64E21D51C03B00D07321 /* Debug */,
				8B8E64E31D51C03B00D07321 /* Release */,
			);
			defaultConfigurationIsVisible = 0;
			defaultConfigurationName = Release;
		};
		8B8E64E41D51C03B00D07321 /* Build configuration list for PBXNativeTarget "QQChat" */ = {
			isa = XCConfigurationList;
			buildConfigurations = (
				8B8E64E51D51C03B00D07321 /* Debug */,
				8B8E64E61D51C03B00D07321 /* Release */,
			);
			defaultConfigurationIsVisible = 0;
			defaultConfigurationName = Release;
		};
		8B8E64E71D51C03B00D07321 /* Build configuration list for PBXNativeTarget "QQChatTests" */ = {
			isa = XCConfigurationList;
			buildConfigurations = (
				8B8E64E81D51C03B00D07321 /* Debug */,
				8B8E64E91D51C03B00D07321 /* Release */,
			);
			defaultConfigurationIsVisible = 0;
			defaultConfigurationName = Release;
		};
		8B8E64EA1D51C03B00D07321 /* Build configuration list for PBXNativeTarget "QQChatUITests" */ = {
			isa = XCConfigurationList;
			buildConfigurations = (
				8B8E64EB1D51C03B00D07321 /* Debug */,
				8B8E64EC1D51C03B00D07321 /* Release */,
			);
			defaultConfigurationIsVisible = 0;
			defaultConfigurationName = Release;
		};
/* End XCConfigurationList section */
	};
	rootObject = 8B8E64B41D51C03A00D07321 /* Project object */;
}
